<?xml version="1.0" encoding="utf-8"?>
<Project ToolsVersion="4.0" xmlns="http://schemas.microsoft.com/developer/msbuild/2003">
  <ItemGroup>
    <Filter Include="Source Files">
      <UniqueIdentifier>{4FC737F1-C7A5-4376-A066-2A32D752A2FF}</UniqueIdentifier>
      <Extensions>cpp;c;cc;cxx;def;odl;idl;hpj;bat;asm;asmx</Extensions>
    </Filter>
    <Filter Include="Header Files">
      <UniqueIdentifier>{93995380-89BD-4b04-88EB-625FBE52EBFB}</UniqueIdentifier>
      <Extensions>h;hh;hpp;hxx;hm;inl;inc;xsd</Extensions>
    </Filter>
    <Filter Include="db files">
      <UniqueIdentifier>{3573e31d-ac51-467e-8202-3d65efb4d09b}</UniqueIdentifier>
    </Filter>
  </ItemGroup>
  <ItemGroup>
    <ClCompile Include="..\md5.c">
      <Filter>Source Files</Filter>
    </ClCompile>
    <ClCompile Include="..\readfile.c">
      <Filter>Source Files</Filter>
    </ClCompile>
    <ClCompile Include="..\must.c">
      <Filter>Source Files</Filter>
    </ClCompile>
    <ClCompile Include="..\arg-helpers.c">
      <Filter>Source Files</Filter>
    </ClCompile>
    <ClCompile Include="..\binary.c">
      <Filter>Source Files</Filter>
    </ClCompile>
    <ClCompile Include="..\copy.c">
      <Filter>Source Files</Filter>
    </ClCompile>
    <ClCompile Include="..\do-system.c">
      <Filter>Source Files</Filter>
    </ClCompile>
    <ClCompile Include="..\mkdir-p.c">
      <Filter>Source Files</Filter>
    </ClCompile>
    <ClCompile Include="..\time.c">
      <Filter>Source Files</Filter>
    </ClCompile>
    <ClCompile Include="..\version.c">
      <Filter>Source Files</Filter>
    </ClCompile>
    <ClCompile Include="..\xorshift.c">
      <Filter>Source Files</Filter>
    </ClCompile>
    <ClCompile Include="..\readcmd.c">
      <Filter>Source Files</Filter>
    </ClCompile>
    <ClCompile Include="samwin32.c">
      <Filter>Source Files</Filter>
    </ClCompile>
    <ClCompile Include="..\walkfiles.c">
      <Filter>Source Files</Filter>
    </ClCompile>
    <ClCompile Include="fnmatch.c">
      <Filter>Source Files</Filter>
    </ClCompile>
    <ClCompile Include="regex.c">
      <Filter>Source Files</Filter>
    </ClCompile>
    <ClCompile Include="..\base64.c">
      <Filter>Source Files</Filter>
    </ClCompile>
    <ClCompile Include="..\crc16.c">
      <Filter>Source Files</Filter>
    </ClCompile>
    <ClCompile Include="..\file.c">
      <Filter>Source Files</Filter>
    </ClCompile>
    <ClCompile Include="..\sha256.c">
      <Filter>Source Files</Filter>
    </ClCompile>
    <ClCompile Include="..\samthread.c">
      <Filter>Source Files</Filter>
    </ClCompile>
    <ClCompile Include="..\dumpstack.c">
      <Filter>Source Files</Filter>
    </ClCompile>
    <ClCompile Include="..\readproc.c">
      <Filter>Source Files</Filter>
    </ClCompile>
    <ClCompile Include="..\aes128.c">
      <Filter>Source Files</Filter>
    </ClCompile>
    <ClCompile Include="..\samdb.c">
      <Filter>Source Files</Filter>
    </ClCompile>
    <ClCompile Include="..\db.1.85\bt_close.c">
      <Filter>db files</Filter>
    </ClCompile>
    <ClCompile Include="..\db.1.85\bt_conv.c">
      <Filter>db files</Filter>
    </ClCompile>
    <ClCompile Include="..\db.1.85\bt_delete.c">
      <Filter>db files</Filter>
    </ClCompile>
    <ClCompile Include="..\db.1.85\bt_get.c">
      <Filter>db files</Filter>
    </ClCompile>
    <ClCompile Include="..\db.1.85\bt_open.c">
      <Filter>db files</Filter>
    </ClCompile>
    <ClCompile Include="..\db.1.85\bt_overflow.c">
      <Filter>db files</Filter>
    </ClCompile>
    <ClCompile Include="..\db.1.85\bt_page.c">
      <Filter>db files</Filter>
    </ClCompile>
    <ClCompile Include="..\db.1.85\bt_put.c">
      <Filter>db files</Filter>
    </ClCompile>
    <ClCompile Include="..\db.1.85\bt_search.c">
      <Filter>db files</Filter>
    </ClCompile>
    <ClCompile Include="..\db.1.85\bt_seq.c">
      <Filter>db files</Filter>
    </ClCompile>
    <ClCompile Include="..\db.1.85\bt_split.c">
      <Filter>db files</Filter>
    </ClCompile>
    <ClCompile Include="..\db.1.85\bt_utils.c">
      <Filter>db files</Filter>
    </ClCompile>
    <ClCompile Include="..\db.1.85\db.c">
      <Filter>db files</Filter>
    </ClCompile>
    <ClCompile Include="..\db.1.85\mpool.c">
      <Filter>db files</Filter>
    </ClCompile>
    <ClCompile Include="..\tsc.c">
      <Filter>Source Files</Filter>
    </ClCompile>
    <ClCompile Include="..\safecpy.c">
      <Filter>Source Files</Filter>
    </ClCompile>
    <ClCompile Include="win32-ip.c">
      <Filter>Source Files</Filter>
    </ClCompile>
    <ClCompile Include="..\cpuid.c">
      <Filter>Source Files</Filter>
    </ClCompile>
    <ClCompile Include="..\aes-cbc.c">
      <Filter>Source Files</Filter>
    </ClCompile>
    <ClCompile Include="..\globals.c">
      <Filter>Source Files</Filter>
    </ClCompile>
    <ClCompile Include="..\strfmt.c">
      <Filter>Source Files</Filter>
    </ClCompile>
    <ClCompile Include="..\mutex.c">
      <Filter>Source Files</Filter>
    </ClCompile>
  </ItemGroup>
  <ItemGroup>
    <ClInclude Include="..\samlib.h">
      <Filter>Header Files</Filter>
    </ClInclude>
    <ClInclude Include="samwin32.h">
      <Filter>Header Files</Filter>
    </ClInclude>
    <ClInclude Include="fnmatch.h">
      <Filter>Header Files</Filter>
    </ClInclude>
    <ClInclude Include="regex.h">
      <Filter>Header Files</Filter>
    </ClInclude>
    <ClInclude Include="..\samthread.h">
      <Filter>Header Files</Filter>
    </ClInclude>
    <ClInclude Include="..\db.1.85\btree.h">
      <Filter>db files</Filter>
    </ClInclude>
    <ClInclude Include="..\db.1.85\extern.h">
      <Filter>db files</Filter>
    </ClInclude>
  </ItemGroup>
  <ItemGroup>
    <None Include="..\README.win32" />
  </ItemGroup>
</Project>
