
Microsoft Visual Studio Solution File, Format Version 12.00
# Visual Studio 15
VisualStudioVersion = 15.0.27004.2009
MinimumVisualStudioVersion = 10.0.40219.1
Project("{8BC9CEB8-8B4A-11D0-8D11-00A0C91BC942}") = "samlib", "samlib.vcxproj", "{607F0ADF-B83C-4FAA-8B0D-ACD243BF2ADA}"
EndProject
Project("{8BC9CEB8-8B4A-11D0-8D11-00A0C91BC942}") = "ipaddr", "ipaddr.vcxproj", "{81636D83-5597-48F6-BCFF-2673E30CE521}"
EndProject
Project("{8BC9CEB8-8B4A-11D0-8D11-00A0C91BC942}") = "testall", "testall.vcxproj", "{2B0DF03A-3EAC-4DE0-BFF7-B72925249D8D}"
EndProject
Global
	GlobalSection(SolutionConfigurationPlatforms) = preSolution
		Debug|Win32 = Debug|Win32
		Release|Win32 = Release|Win32
	EndGlobalSection
	GlobalSection(ProjectConfigurationPlatforms) = postSolution
		{607F0ADF-B83C-4FAA-8B0D-ACD243BF2ADA}.Debug|Win32.ActiveCfg = Debug|Win32
		{607F0ADF-B83C-4FAA-8B0D-ACD243BF2ADA}.Debug|Win32.Build.0 = Debug|Win32
		{607F0ADF-B83C-4FAA-8B0D-ACD243BF2ADA}.Release|Win32.ActiveCfg = Release|Win32
		{607F0ADF-B83C-4FAA-8B0D-ACD243BF2ADA}.Release|Win32.Build.0 = Release|Win32
		{81636D83-5597-48F6-BCFF-2673E30CE521}.Debug|Win32.ActiveCfg = Debug|Win32
		{81636D83-5597-48F6-BCFF-2673E30CE521}.Debug|Win32.Build.0 = Debug|Win32
		{81636D83-5597-48F6-BCFF-2673E30CE521}.Release|Win32.ActiveCfg = Release|Win32
		{81636D83-5597-48F6-BCFF-2673E30CE521}.Release|Win32.Build.0 = Release|Win32
		{2B0DF03A-3EAC-4DE0-BFF7-B72925249D8D}.Debug|Win32.ActiveCfg = Debug|Win32
		{2B0DF03A-3EAC-4DE0-BFF7-B72925249D8D}.Debug|Win32.Build.0 = Debug|Win32
		{2B0DF03A-3EAC-4DE0-BFF7-B72925249D8D}.Release|Win32.ActiveCfg = Release|Win32
		{2B0DF03A-3EAC-4DE0-BFF7-B72925249D8D}.Release|Win32.Build.0 = Release|Win32
	EndGlobalSection
	GlobalSection(SolutionProperties) = preSolution
		HideSolutionNode = FALSE
	EndGlobalSection
	GlobalSection(ExtensibilityGlobals) = postSolution
		SolutionGuid = {C8634282-93A3-42AA-82BD-6086CB26BDCA}
	EndGlobalSection
EndGlobal
